<?xml version="1.0" encoding="utf-8"?>
<Project ToolsVersion="17.0" xmlns="http://schemas.microsoft.com/developer/msbuild/2003">
  <ItemGroup>
    <CustomBuild Include="E:\LSW Audio Diagnostics Core\build-core-only\CMakeFiles\fe9787618583f422d5c058b30badf3fa\generate.stamp.rule">
      <Filter>CMake Rules</Filter>
    </CustomBuild>
  </ItemGroup>
  <ItemGroup>
    <Filter Include="CMake Rules">
      <UniqueIdentifier>{B20665D8-4A8F-308E-B7CD-166054B94EC2}</UniqueIdentifier>
    </Filter>
  </ItemGroup>
</Project>
